<Solution>
  <Folder Name="/src/" />
  <Folder Name="/src/Services/" />
  <Folder Name="/src/Services/ProductService/">
    <Project Path="src/Services/ProductService/BookStore.ProductService.Api/BookStore.ProductService.Api.csproj" />
    <Project Path="src/Services/ProductService/BookStore.ProductService.Application/BookStore.ProductService.Application.csproj" />
    <Project Path="src/Services/ProductService/BookStore.ProductService.Domain/BookStore.ProductService.Domain.csproj" />
    <Project Path="src/Services/ProductService/BookStore.ProductService.Infrastructure/BookStore.ProductService.Infrastructure.csproj" />
  </Folder>
</Solution>
