<Solution>
  <Folder Name="/src/" />
  <Folder Name="/src/Services/" />
  <Folder Name="/src/Services/IdentityService/">
    <Project Path="src/Services/IdentityService/BookStore.IdentityService.Api/BookStore.IdentityService.Api.csproj" />
    <Project Path="src/Services/IdentityService/BookStore.IdentityService.Application/BookStore.IdentityService.Application.csproj" />
    <Project Path="src/Services/IdentityService/BookStore.IdentityService.Contracts/BookStore.IdentityService.Contracts.csproj" />
    <Project Path="src/Services/IdentityService/BookStore.IdentityService.Domain/BookStore.IdentityService.Domain.csproj" />
    <Project Path="src/Services/IdentityService/BookStore.IdentityService.Infrastructure/BookStore.IdentityService.Infrastructure.csproj" />
  </Folder>
  <Folder Name="/src/Services/NotificationService/">
    <Project Path="src/Services/NotificationService/BookStore.NotificationService.csproj" />
  </Folder>
  <Folder Name="/src/Services/ProductService/">
    <Project Path="src/Services/ProductService/BookStore.ProductService.Api/BookStore.ProductService.Api.csproj" />
    <Project Path="src/Services/ProductService/BookStore.ProductService.Application/BookStore.ProductService.Application.csproj" />
    <Project Path="src/Services/ProductService/BookStore.ProductService.Domain/BookStore.ProductService.Domain.csproj" />
    <Project Path="src/Services/ProductService/BookStore.ProductService.Infrastructure/BookStore.ProductService.Infrastructure.csproj" />
  </Folder>
  <Folder Name="/tests/">
    <Project Path="tests/BookStore.ProductService.Application.Tests/BookStore.ProductService.Application.Tests.csproj" />
    <Project Path="tests/BookStore.ProductService.Domain.Tests/BookStore.ProductService.Domain.Tests.csproj" />
  </Folder>
  <Folder Name="/tests/BookStore.IdentityService.Application.Tests/">
    <Project Path="tests/BookStore.IdentityService.Application.Tests/bookStore.IdentityService.Application.Tests.csproj" />
  </Folder>
  <Folder Name="/tests/BookStore.IdentityService.Domain.Tests/">
    <Project Path="tests/BookStore.IdentityService.Domain.Tests/bookStore.IdentityService.Domain.Tests.csproj" />
  </Folder>
  <Folder Name="/src/BuildingBlocks/BookStore.BuildingBlocks/">
    <Project Path="src/BuildingBlocks/BookStore.BuildingBlocks/BookStore.BuildingBlocks.csproj" />
  </Folder>
</Solution>
